
Microsoft Visual Studio Solution File, Format Version 12.00
# Visual Studio Version 16
VisualStudioVersion = 16.0.30717.126
MinimumVisualStudioVersion = 10.0.40219.1
Project("{9A19103F-16F7-4668-BE54-9A1E7A4F7556}") = "MusicPlayer", "MusicPlayer\MusicPlayer.csproj", "{7CBBAD52-1825-428B-92D1-BCB66DC167B6}"
EndProject
Project("{FAE04EC0-301F-11D3-BF4B-00C04F79EFBC}") = "TestHub", "TestHub\TestHub.csproj", "{E00BFDC3-AF3F-42E2-BF7B-631F17B385F0}"
EndProject
Global
	GlobalSection(SolutionConfigurationPlatforms) = preSolution
		Debug|Any CPU = Debug|Any CPU
		Release|Any CPU = Release|Any CPU
	EndGlobalSection
	GlobalSection(ProjectConfigurationPlatforms) = postSolution
		{7CBBAD52-1825-428B-92D1-BCB66DC167B6}.Debug|Any CPU.ActiveCfg = Debug|Any CPU
		{7CBBAD52-1825-428B-92D1-BCB66DC167B6}.Debug|Any CPU.Build.0 = Debug|Any CPU
		{7CBBAD52-1825-428B-92D1-BCB66DC167B6}.Release|Any CPU.ActiveCfg = Release|Any CPU
		{7CBBAD52-1825-428B-92D1-BCB66DC167B6}.Release|Any CPU.Build.0 = Release|Any CPU
		{E00BFDC3-AF3F-42E2-BF7B-631F17B385F0}.Debug|Any CPU.ActiveCfg = Debug|Any CPU
		{E00BFDC3-AF3F-42E2-BF7B-631F17B385F0}.Debug|Any CPU.Build.0 = Debug|Any CPU
		{E00BFDC3-AF3F-42E2-BF7B-631F17B385F0}.Release|Any CPU.ActiveCfg = Release|Any CPU
		{E00BFDC3-AF3F-42E2-BF7B-631F17B385F0}.Release|Any CPU.Build.0 = Release|Any CPU
	EndGlobalSection
	GlobalSection(SolutionProperties) = preSolution
		HideSolutionNode = FALSE
	EndGlobalSection
	GlobalSection(ExtensibilityGlobals) = postSolution
		SolutionGuid = {D2786A8C-A70D-4D4D-96CF-1C64D53CF321}
	EndGlobalSection
EndGlobal
